
Microsoft Visual Studio Solution File, Format Version 12.00
# Visual Studio Version 17
VisualStudioVersion = 17.6.33723.286
MinimumVisualStudioVersion = 10.0.40219.1
Project("{FAE04EC0-301F-11D3-BF4B-00C04F79EFBC}") = "proetk 10", "proetk 10\proetk 10.csproj", "{880D99CE-D383-48F5-9893-92ECCCCF9950}"
EndProject
Global
	GlobalSection(SolutionConfigurationPlatforms) = preSolution
		Debug|Any CPU = Debug|Any CPU
		Release|Any CPU = Release|Any CPU
	EndGlobalSection
	GlobalSection(ProjectConfigurationPlatforms) = postSolution
		{880D99CE-D383-48F5-9893-92ECCCCF9950}.Debug|Any CPU.ActiveCfg = Debug|Any CPU
		{880D99CE-D383-48F5-9893-92ECCCCF9950}.Debug|Any CPU.Build.0 = Debug|Any CPU
		{880D99CE-D383-48F5-9893-92ECCCCF9950}.Release|Any CPU.ActiveCfg = Release|Any CPU
		{880D99CE-D383-48F5-9893-92ECCCCF9950}.Release|Any CPU.Build.0 = Release|Any CPU
	EndGlobalSection
	GlobalSection(SolutionProperties) = preSolution
		HideSolutionNode = FALSE
	EndGlobalSection
	GlobalSection(ExtensibilityGlobals) = postSolution
		SolutionGuid = {E9E67171-D34F-4148-8AB8-DF8A5653F5AA}
	EndGlobalSection
EndGlobal
